
Microsoft Visual Studio Solution File, Format Version 12.00
# Visual Studio Version 17
VisualStudioVersion = 17.5.33627.172
MinimumVisualStudioVersion = 10.0.40219.1
Project("{FAE04EC0-301F-11D3-BF4B-00C04F79EFBC}") = "Lab4_4", "Lab4_4.csproj", "{993DF73A-232E-4D5A-9CE4-7AA134C2BA69}"
EndProject
Global
	GlobalSection(SolutionConfigurationPlatforms) = preSolution
		Debug|Any CPU = Debug|Any CPU
		Release|Any CPU = Release|Any CPU
	EndGlobalSection
	GlobalSection(ProjectConfigurationPlatforms) = postSolution
		{993DF73A-232E-4D5A-9CE4-7AA134C2BA69}.Debug|Any CPU.ActiveCfg = Debug|Any CPU
		{993DF73A-232E-4D5A-9CE4-7AA134C2BA69}.Debug|Any CPU.Build.0 = Debug|Any CPU
		{993DF73A-232E-4D5A-9CE4-7AA134C2BA69}.Release|Any CPU.ActiveCfg = Release|Any CPU
		{993DF73A-232E-4D5A-9CE4-7AA134C2BA69}.Release|Any CPU.Build.0 = Release|Any CPU
	EndGlobalSection
	GlobalSection(SolutionProperties) = preSolution
		HideSolutionNode = FALSE
	EndGlobalSection
	GlobalSection(ExtensibilityGlobals) = postSolution
		SolutionGuid = {26230489-514E-47EC-A885-E5FA15C28DB1}
	EndGlobalSection
EndGlobal
